# This file was autogenerated by Stack.
# You should not edit this file by hand.
# For more information, please see the documentation at:
#   https://docs.haskellstack.org/en/stable/lock_files

packages:
- completed:
    hackage: MissingH-1.5.0.1@sha256:34bdc3ddc94a5c58d76d3c36bc7af052213c2584492cf81f7b005c03b210a985,4791
    pantry-tree:
      sha256: a708a8d90e6370fb4150d6eb45cb88034660c56c7ac799c27211fa6fc253af68
      size: 5272
  original:
    hackage: MissingH-1.5.0.1@sha256:34bdc3ddc94a5c58d76d3c36bc7af052213c2584492cf81f7b005c03b210a985,4791
snapshots:
- completed:
    sha256: 92b1a17e31d0a978fca4bf270305d4d1dd8092271bf60eafbc9349c890854026
    size: 563099
    url: https://raw.githubusercontent.com/commercialhaskell/stackage-snapshots/master/lts/17/2.yaml
  original:
    url: https://raw.githubusercontent.com/commercialhaskell/stackage-snapshots/master/lts/17/2.yaml
